{
  "name": "osx-wifi-cli",
  "version": "0.0.1",
  "from": "osx-wifi-cli@",
  "dependencies": {
    "q": {
      "version": "1.0.0",
      "from": "q@1.0.0"
    },
    "rekuire": {
      "version": "0.1.5",
      "from": "rekuire@0.1.5",
      "dependencies": {
        "underscore": {
          "version": "1.6.0",
          "from": "underscore@*"
        }
      }
    },
    "commander": {
      "version": "2.1.0",
      "from": "commander@2.1.0"
    }
  }
}
